{
  "name": "examples",
  "lockfileVersion": 2,
  "requires": true,
  "packages": {
    "": {
      "name": "examples",
      "devDependencies": {
        "posthtml-css-prop": "^1.0.0"
      }
    },
    "node_modules/posthtml-css-prop": {
      "version": "1.0.0",
      "resolved": "https://registry.npmjs.org/posthtml-css-prop/-/posthtml-css-prop-1.0.0.tgz",
      "integrity": "sha512-CjhuvbW+PScFGRly3Nkddyn9aNpCay6OY7dwB6J+WoO38SnmDZ7UkhCLmgdxzg7Q0VqPJW4kClpSD6G3MyVbOA==",
      "dev": true
    }
  },
  "dependencies": {
    "posthtml-css-prop": {
      "version": "1.0.0",
      "resolved": "https://registry.npmjs.org/posthtml-css-prop/-/posthtml-css-prop-1.0.0.tgz",
      "integrity": "sha512-CjhuvbW+PScFGRly3Nkddyn9aNpCay6OY7dwB6J+WoO38SnmDZ7UkhCLmgdxzg7Q0VqPJW4kClpSD6G3MyVbOA==",
      "dev": true
    }
  }
}
